// !$*UTF8*$!
{
	archiveVersion = 1;
	classes = {
	};
	objectVersion = 46;
	objects = {

/* Begin PBXBuildFile section */
		316981791A66703500483031 /* RMDatePickerController.m in Sources */ = {isa = PBXBuildFile; fileRef = 316981781A66703500483031 /* RMDatePickerController.m */; };
		31DBCA601A65FDEE0060FA43 /* main.m in Sources */ = {isa = PBXBuildFile; fileRef = 31DBCA5F1A65FDEE0060FA43 /* main.m */; };
		31DBCA631A65FDEE0060FA43 /* AppDelegate.m in Sources */ = {isa = PBXBuildFile; fileRef = 31DBCA621A65FDEE0060FA43 /* AppDelegate.m */; };
		31DBCA661A65FDEE0060FA43 /* ViewController.m in Sources */ = {isa = PBXBuildFile; fileRef = 31DBCA651A65FDEE0060FA43 /* ViewController.m */; };
		31DBCA691A65FDEE0060FA43 /* Main.storyboard in Resources */ = {isa = PBXBuildFile; fileRef = 31DBCA671A65FDEE0060FA43 /* Main.storyboard */; };
		31DBCA6B1A65FDEE0060FA43 /* Images.xcassets in Resources */ = {isa = PBXBuildFile; fileRef = 31DBCA6A1A65FDEE0060FA43 /* Images.xcassets */; };
		31DBCA6E1A65FDEE0060FA43 /* LaunchScreen.xib in Resources */ = {isa = PBXBuildFile; fileRef = 31DBCA6C1A65FDEE0060FA43 /* LaunchScreen.xib */; };
		31DBCA7A1A65FDEE0060FA43 /* TestDatePickerTests.m in Sources */ = {isa = PBXBuildFile; fileRef = 31DBCA791A65FDEE0060FA43 /* TestDatePickerTests.m */; };
		31DBCA861A65FE890060FA43 /* TableViewCell.m in Sources */ = {isa = PBXBuildFile; fileRef = 31DBCA841A65FE890060FA43 /* TableViewCell.m */; };
		31DBCA871A65FE890060FA43 /* TableViewCell.xib in Resources */ = {isa = PBXBuildFile; fileRef = 31DBCA851A65FE890060FA43 /* TableViewCell.xib */; };
		31DBCA8A1A66009D0060FA43 /* CellModel.m in Sources */ = {isa = PBXBuildFile; fileRef = 31DBCA891A66009D0060FA43 /* CellModel.m */; };
/* End PBXBuildFile section */

/* Begin PBXContainerItemProxy section */
		31DBCA741A65FDEE0060FA43 /* PBXContainerItemProxy */ = {
			isa = PBXContainerItemProxy;
			containerPortal = 31DBCA521A65FDEE0060FA43 /* Project object */;
			proxyType = 1;
			remoteGlobalIDString = 31DBCA591A65FDEE0060FA43;
			remoteInfo = TestDatePicker;
		};
/* End PBXContainerItemProxy section */

/* Begin PBXFileReference section */
		316981771A66703500483031 /* RMDatePickerController.h */ = {isa = PBXFileReference; fileEncoding = 4; lastKnownFileType = sourcecode.c.h; path = RMDatePickerController.h; sourceTree = "<group>"; };
		316981781A66703500483031 /* RMDatePickerController.m */ = {isa = PBXFileReference; fileEncoding = 4; lastKnownFileType = sourcecode.c.objc; path = RMDatePickerController.m; sourceTree = "<group>"; };
		31DBCA5A1A65FDEE0060FA43 /* TestDatePicker.app */ = {isa = PBXFileReference; explicitFileType = wrapper.application; includeInIndex = 0; path = TestDatePicker.app; sourceTree = BUILT_PRODUCTS_DIR; };
		31DBCA5E1A65FDEE0060FA43 /* Info.plist */ = {isa = PBXFileReference; lastKnownFileType = text.plist.xml; path = Info.plist; sourceTree = "<group>"; };
		31DBCA5F1A65FDEE0060FA43 /* main.m */ = {isa = PBXFileReference; lastKnownFileType = sourcecode.c.objc; path = main.m; sourceTree = "<group>"; };
		31DBCA611A65FDEE0060FA43 /* AppDelegate.h */ = {isa = PBXFileReference; lastKnownFileType = sourcecode.c.h; path = AppDelegate.h; sourceTree = "<group>"; };
		31DBCA621A65FDEE0060FA43 /* AppDelegate.m */ = {isa = PBXFileReference; lastKnownFileType = sourcecode.c.objc; path = AppDelegate.m; sourceTree = "<group>"; };
		31DBCA641A65FDEE0060FA43 /* ViewController.h */ = {isa = PBXFileReference; lastKnownFileType = sourcecode.c.h; path = ViewController.h; sourceTree = "<group>"; };
		31DBCA651A65FDEE0060FA43 /* ViewController.m */ = {isa = PBXFileReference; lastKnownFileType = sourcecode.c.objc; path = ViewController.m; sourceTree = "<group>"; };
		31DBCA681A65FDEE0060FA43 /* Base */ = {isa = PBXFileReference; lastKnownFileType = file.storyboard; name = Base; path = Base.lproj/Main.storyboard; sourceTree = "<group>"; };
		31DBCA6A1A65FDEE0060FA43 /* Images.xcassets */ = {isa = PBXFileReference; lastKnownFileType = folder.assetcatalog; path = Images.xcassets; sourceTree = "<group>"; };
		31DBCA6D1A65FDEE0060FA43 /* Base */ = {isa = PBXFileReference; lastKnownFileType = file.xib; name = Base; path = Base.lproj/LaunchScreen.xib; sourceTree = "<group>"; };
		31DBCA731A65FDEE0060FA43 /* TestDatePickerTests.xctest */ = {isa = PBXFileReference; explicitFileType = wrapper.cfbundle; includeInIndex = 0; path = TestDatePickerTests.xctest; sourceTree = BUILT_PRODUCTS_DIR; };
		31DBCA781A65FDEE0060FA43 /* Info.plist */ = {isa = PBXFileReference; lastKnownFileType = text.plist.xml; path = Info.plist; sourceTree = "<group>"; };
		31DBCA791A65FDEE0060FA43 /* TestDatePickerTests.m */ = {isa = PBXFileReference; lastKnownFileType = sourcecode.c.objc; path = TestDatePickerTests.m; sourceTree = "<group>"; };
		31DBCA831A65FE890060FA43 /* TableViewCell.h */ = {isa = PBXFileReference; fileEncoding = 4; lastKnownFileType = sourcecode.c.h; path = TableViewCell.h; sourceTree = "<group>"; };
		31DBCA841A65FE890060FA43 /* TableViewCell.m */ = {isa = PBXFileReference; fileEncoding = 4; lastKnownFileType = sourcecode.c.objc; path = TableViewCell.m; sourceTree = "<group>"; };
		31DBCA851A65FE890060FA43 /* TableViewCell.xib */ = {isa = PBXFileReference; fileEncoding = 4; lastKnownFileType = file.xib; path = TableViewCell.xib; sourceTree = "<group>"; };
		31DBCA881A66009D0060FA43 /* CellModel.h */ = {isa = PBXFileReference; fileEncoding = 4; lastKnownFileType = sourcecode.c.h; path = CellModel.h; sourceTree = "<group>"; };
		31DBCA891A66009D0060FA43 /* CellModel.m */ = {isa = PBXFileReference; fileEncoding = 4; lastKnownFileType = sourcecode.c.objc; path = CellModel.m; sourceTree = "<group>"; };
/* End PBXFileReference section */

/* Begin PBXFrameworksBuildPhase section */
		31DBCA571A65FDEE0060FA43 /* Frameworks */ = {
			isa = PBXFrameworksBuildPhase;
			buildActionMask = 2147483647;
			files = (
			);
			runOnlyForDeploymentPostprocessing = 0;
		};
		31DBCA701A65FDEE0060FA43 /* Frameworks */ = {
			isa = PBXFrameworksBuildPhase;
			buildActionMask = 2147483647;
			files = (
			);
			runOnlyForDeploymentPostprocessing = 0;
		};
/* End PBXFrameworksBuildPhase section */

/* Begin PBXGroup section */
		31DBCA511A65FDEE0060FA43 = {
			isa = PBXGroup;
			children = (
				31DBCA5C1A65FDEE0060FA43 /* TestDatePicker */,
				31DBCA761A65FDEE0060FA43 /* TestDatePickerTests */,
				31DBCA5B1A65FDEE0060FA43 /* Products */,
			);
			sourceTree = "<group>";
		};
		31DBCA5B1A65FDEE0060FA43 /* Products */ = {
			isa = PBXGroup;
			children = (
				31DBCA5A1A65FDEE0060FA43 /* TestDatePicker.app */,
				31DBCA731A65FDEE0060FA43 /* TestDatePickerTests.xctest */,
			);
			name = Products;
			sourceTree = "<group>";
		};
		31DBCA5C1A65FDEE0060FA43 /* TestDatePicker */ = {
			isa = PBXGroup;
			children = (
				316981771A66703500483031 /* RMDatePickerController.h */,
				316981781A66703500483031 /* RMDatePickerController.m */,
				31DBCA611A65FDEE0060FA43 /* AppDelegate.h */,
				31DBCA621A65FDEE0060FA43 /* AppDelegate.m */,
				31DBCA641A65FDEE0060FA43 /* ViewController.h */,
				31DBCA651A65FDEE0060FA43 /* ViewController.m */,
				31DBCA671A65FDEE0060FA43 /* Main.storyboard */,
				31DBCA6A1A65FDEE0060FA43 /* Images.xcassets */,
				31DBCA6C1A65FDEE0060FA43 /* LaunchScreen.xib */,
				31DBCA5D1A65FDEE0060FA43 /* Supporting Files */,
				31DBCA831A65FE890060FA43 /* TableViewCell.h */,
				31DBCA841A65FE890060FA43 /* TableViewCell.m */,
				31DBCA851A65FE890060FA43 /* TableViewCell.xib */,
				31DBCA881A66009D0060FA43 /* CellModel.h */,
				31DBCA891A66009D0060FA43 /* CellModel.m */,
			);
			path = TestDatePicker;
			sourceTree = "<group>";
		};
		31DBCA5D1A65FDEE0060FA43 /* Supporting Files */ = {
			isa = PBXGroup;
			children = (
				31DBCA5E1A65FDEE0060FA43 /* Info.plist */,
				31DBCA5F1A65FDEE0060FA43 /* main.m */,
			);
			name = "Supporting Files";
			sourceTree = "<group>";
		};
		31DBCA761A65FDEE0060FA43 /* TestDatePickerTests */ = {
			isa = PBXGroup;
			children = (
				31DBCA791A65FDEE0060FA43 /* TestDatePickerTests.m */,
				31DBCA771A65FDEE0060FA43 /* Supporting Files */,
			);
			path = TestDatePickerTests;
			sourceTree = "<group>";
		};
		31DBCA771A65FDEE0060FA43 /* Supporting Files */ = {
			isa = PBXGroup;
			children = (
				31DBCA781A65FDEE0060FA43 /* Info.plist */,
			);
			name = "Supporting Files";
			sourceTree = "<group>";
		};
/* End PBXGroup section */

/* Begin PBXNativeTarget section */
		31DBCA591A65FDEE0060FA43 /* TestDatePicker */ = {
			isa = PBXNativeTarget;
			buildConfigurationList = 31DBCA7D1A65FDEE0060FA43 /* Build configuration list for PBXNativeTarget "TestDatePicker" */;
			buildPhases = (
				31DBCA561A65FDEE0060FA43 /* Sources */,
				31DBCA571A65FDEE0060FA43 /* Frameworks */,
				31DBCA581A65FDEE0060FA43 /* Resources */,
			);
			buildRules = (
			);
			dependencies = (
			);
			name = TestDatePicker;
			productName = TestDatePicker;
			productReference = 31DBCA5A1A65FDEE0060FA43 /* TestDatePicker.app */;
			productType = "com.apple.product-type.application";
		};
		31DBCA721A65FDEE0060FA43 /* TestDatePickerTests */ = {
			isa = PBXNativeTarget;
			buildConfigurationList = 31DBCA801A65FDEE0060FA43 /* Build configuration list for PBXNativeTarget "TestDatePickerTests" */;
			buildPhases = (
				31DBCA6F1A65FDEE0060FA43 /* Sources */,
				31DBCA701A65FDEE0060FA43 /* Frameworks */,
				31DBCA711A65FDEE0060FA43 /* Resources */,
			);
			buildRules = (
			);
			dependencies = (
				31DBCA751A65FDEE0060FA43 /* PBXTargetDependency */,
			);
			name = TestDatePickerTests;
			productName = TestDatePickerTests;
			productReference = 31DBCA731A65FDEE0060FA43 /* TestDatePickerTests.xctest */;
			productType = "com.apple.product-type.bundle.unit-test";
		};
/* End PBXNativeTarget section */

/* Begin PBXProject section */
		31DBCA521A65FDEE0060FA43 /* Project object */ = {
			isa = PBXProject;
			attributes = {
				LastUpgradeCheck = 0610;
				ORGANIZATIONNAME = fly;
				TargetAttributes = {
					31DBCA591A65FDEE0060FA43 = {
						CreatedOnToolsVersion = 6.1;
					};
					31DBCA721A65FDEE0060FA43 = {
						CreatedOnToolsVersion = 6.1;
						TestTargetID = 31DBCA591A65FDEE0060FA43;
					};
				};
			};
			buildConfigurationList = 31DBCA551A65FDEE0060FA43 /* Build configuration list for PBXProject "TestDatePicker" */;
			compatibilityVersion = "Xcode 3.2";
			developmentRegion = English;
			hasScannedForEncodings = 0;
			knownRegions = (
				en,
				Base,
			);
			mainGroup = 31DBCA511A65FDEE0060FA43;
			productRefGroup = 31DBCA5B1A65FDEE0060FA43 /* Products */;
			projectDirPath = "";
			projectRoot = "";
			targets = (
				31DBCA591A65FDEE0060FA43 /* TestDatePicker */,
				31DBCA721A65FDEE0060FA43 /* TestDatePickerTests */,
			);
		};
/* End PBXProject section */

/* Begin PBXResourcesBuildPhase section */
		31DBCA581A65FDEE0060FA43 /* Resources */ = {
			isa = PBXResourcesBuildPhase;
			buildActionMask = 2147483647;
			files = (
				31DBCA691A65FDEE0060FA43 /* Main.storyboard in Resources */,
				31DBCA871A65FE890060FA43 /* TableViewCell.xib in Resources */,
				31DBCA6E1A65FDEE0060FA43 /* LaunchScreen.xib in Resources */,
				31DBCA6B1A65FDEE0060FA43 /* Images.xcassets in Resources */,
			);
			runOnlyForDeploymentPostprocessing = 0;
		};
		31DBCA711A65FDEE0060FA43 /* Resources */ = {
			isa = PBXResourcesBuildPhase;
			buildActionMask = 2147483647;
			files = (
			);
			runOnlyForDeploymentPostprocessing = 0;
		};
/* End PBXResourcesBuildPhase section */

/* Begin PBXSourcesBuildPhase section */
		31DBCA561A65FDEE0060FA43 /* Sources */ = {
			isa = PBXSourcesBuildPhase;
			buildActionMask = 2147483647;
			files = (
				31DBCA661A65FDEE0060FA43 /* ViewController.m in Sources */,
				31DBCA861A65FE890060FA43 /* TableViewCell.m in Sources */,
				316981791A66703500483031 /* RMDatePickerController.m in Sources */,
				31DBCA631A65FDEE0060FA43 /* AppDelegate.m in Sources */,
				31DBCA8A1A66009D0060FA43 /* CellModel.m in Sources */,
				31DBCA601A65FDEE0060FA43 /* main.m in Sources */,
			);
			runOnlyForDeploymentPostprocessing = 0;
		};
		31DBCA6F1A65FDEE0060FA43 /* Sources */ = {
			isa = PBXSourcesBuildPhase;
			buildActionMask = 2147483647;
			files = (
				31DBCA7A1A65FDEE0060FA43 /* TestDatePickerTests.m in Sources */,
			);
			runOnlyForDeploymentPostprocessing = 0;
		};
/* End PBXSourcesBuildPhase section */

/* Begin PBXTargetDependency section */
		31DBCA751A65FDEE0060FA43 /* PBXTargetDependency */ = {
			isa = PBXTargetDependency;
			target = 31DBCA591A65FDEE0060FA43 /* TestDatePicker */;
			targetProxy = 31DBCA741A65FDEE0060FA43 /* PBXContainerItemProxy */;
		};
/* End PBXTargetDependency section */

/* Begin PBXVariantGroup section */
		31DBCA671A65FDEE0060FA43 /* Main.storyboard */ = {
			isa = PBXVariantGroup;
			children = (
				31DBCA681A65FDEE0060FA43 /* Base */,
			);
			name = Main.storyboard;
			sourceTree = "<group>";
		};
		31DBCA6C1A65FDEE0060FA43 /* LaunchScreen.xib */ = {
			isa = PBXVariantGroup;
			children = (
				31DBCA6D1A65FDEE0060FA43 /* Base */,
			);
			name = LaunchScreen.xib;
			sourceTree = "<group>";
		};
/* End PBXVariantGroup section */

/* Begin XCBuildConfiguration section */
		31DBCA7B1A65FDEE0060FA43 /* Debug */ = {
			isa = XCBuildConfiguration;
			buildSettings = {
				ALWAYS_SEARCH_USER_PATHS = NO;
				CLANG_CXX_LANGUAGE_STANDARD = "gnu++0x";
				CLANG_CXX_LIBRARY = "libc++";
				CLANG_ENABLE_MODULES = YES;
				CLANG_ENABLE_OBJC_ARC = YES;
				CLANG_WARN_BOOL_CONVERSION = YES;
				CLANG_WARN_CONSTANT_CONVERSION = YES;
				CLANG_WARN_DIRECT_OBJC_ISA_USAGE = YES_ERROR;
				CLANG_WARN_EMPTY_BODY = YES;
				CLANG_WARN_ENUM_CONVERSION = YES;
				CLANG_WARN_INT_CONVERSION = YES;
				CLANG_WARN_OBJC_ROOT_CLASS = YES_ERROR;
				CLANG_WARN_UNREACHABLE_CODE = YES;
				CLANG_WARN__DUPLICATE_METHOD_MATCH = YES;
				"CODE_SIGN_IDENTITY[sdk=iphoneos*]" = "iPhone Developer";
				COPY_PHASE_STRIP = NO;
				ENABLE_STRICT_OBJC_MSGSEND = YES;
				GCC_C_LANGUAGE_STANDARD = gnu99;
				GCC_DYNAMIC_NO_PIC = NO;
				GCC_OPTIMIZATION_LEVEL = 0;
				GCC_PREPROCESSOR_DEFINITIONS = (
					"DEBUG=1",
					"$(inherited)",
				);
				GCC_SYMBOLS_PRIVATE_EXTERN = NO;
				GCC_WARN_64_TO_32_BIT_CONVERSION = YES;
				GCC_WARN_ABOUT_RETURN_TYPE = YES_ERROR;
				GCC_WARN_UNDECLARED_SELECTOR = YES;
				GCC_WARN_UNINITIALIZED_AUTOS = YES_AGGRESSIVE;
				GCC_WARN_UNUSED_FUNCTION = YES;
				GCC_WARN_UNUSED_VARIABLE = YES;
				IPHONEOS_DEPLOYMENT_TARGET = 8.1;
				MTL_ENABLE_DEBUG_INFO = YES;
				ONLY_ACTIVE_ARCH = YES;
				SDKROOT = iphoneos;
			};
			name = Debug;
		};
		31DBCA7C1A65FDEE0060FA43 /* Release */ = {
			isa = XCBuildConfiguration;
			buildSettings = {
				ALWAYS_SEARCH_USER_PATHS = NO;
				CLANG_CXX_LANGUAGE_STANDARD = "gnu++0x";
				CLANG_CXX_LIBRARY = "libc++";
				CLANG_ENABLE_MODULES = YES;
				CLANG_ENABLE_OBJC_ARC = YES;
				CLANG_WARN_BOOL_CONVERSION = YES;
				CLANG_WARN_CONSTANT_CONVERSION = YES;
				CLANG_WARN_DIRECT_OBJC_ISA_USAGE = YES_ERROR;
				CLANG_WARN_EMPTY_BODY = YES;
				CLANG_WARN_ENUM_CONVERSION = YES;
				CLANG_WARN_INT_CONVERSION = YES;
				CLANG_WARN_OBJC_ROOT_CLASS = YES_ERROR;
				CLANG_WARN_UNREACHABLE_CODE = YES;
				CLANG_WARN__DUPLICATE_METHOD_MATCH = YES;
				"CODE_SIGN_IDENTITY[sdk=iphoneos*]" = "iPhone Developer";
				COPY_PHASE_STRIP = YES;
				ENABLE_NS_ASSERTIONS = NO;
				ENABLE_STRICT_OBJC_MSGSEND = YES;
				GCC_C_LANGUAGE_STANDARD = gnu99;
				GCC_WARN_64_TO_32_BIT_CONVERSION = YES;
				GCC_WARN_ABOUT_RETURN_TYPE = YES_ERROR;
				GCC_WARN_UNDECLARED_SELECTOR = YES;
				GCC_WARN_UNINITIALIZED_AUTOS = YES_AGGRESSIVE;
				GCC_WARN_UNUSED_FUNCTION = YES;
				GCC_WARN_UNUSED_VARIABLE = YES;
				IPHONEOS_DEPLOYMENT_TARGET = 8.1;
				MTL_ENABLE_DEBUG_INFO = NO;
				SDKROOT = iphoneos;
				VALIDATE_PRODUCT = YES;
			};
			name = Release;
		};
		31DBCA7E1A65FDEE0060FA43 /* Debug */ = {
			isa = XCBuildConfiguration;
			buildSettings = {
				ASSETCATALOG_COMPILER_APPICON_NAME = AppIcon;
				INFOPLIST_FILE = TestDatePicker/Info.plist;
				IPHONEOS_DEPLOYMENT_TARGET = 8.1;
				LD_RUNPATH_SEARCH_PATHS = "$(inherited) @executable_path/Frameworks";
				PRODUCT_NAME = "$(TARGET_NAME)";
			};
			name = Debug;
		};
		31DBCA7F1A65FDEE0060FA43 /* Release */ = {
			isa = XCBuildConfiguration;
			buildSettings = {
				ASSETCATALOG_COMPILER_APPICON_NAME = AppIcon;
				INFOPLIST_FILE = TestDatePicker/Info.plist;
				IPHONEOS_DEPLOYMENT_TARGET = 8.1;
				LD_RUNPATH_SEARCH_PATHS = "$(inherited) @executable_path/Frameworks";
				PRODUCT_NAME = "$(TARGET_NAME)";
			};
			name = Release;
		};
		31DBCA811A65FDEE0060FA43 /* Debug */ = {
			isa = XCBuildConfiguration;
			buildSettings = {
				BUNDLE_LOADER = "$(TEST_HOST)";
				FRAMEWORK_SEARCH_PATHS = (
					"$(SDKROOT)/Developer/Library/Frameworks",
					"$(inherited)",
				);
				GCC_PREPROCESSOR_DEFINITIONS = (
					"DEBUG=1",
					"$(inherited)",
				);
				INFOPLIST_FILE = TestDatePickerTests/Info.plist;
				LD_RUNPATH_SEARCH_PATHS = "$(inherited) @executable_path/Frameworks @loader_path/Frameworks";
				PRODUCT_NAME = "$(TARGET_NAME)";
				TEST_HOST = "$(BUILT_PRODUCTS_DIR)/TestDatePicker.app/TestDatePicker";
			};
			name = Debug;
		};
		31DBCA821A65FDEE0060FA43 /* Release */ = {
			isa = XCBuildConfiguration;
			buildSettings = {
				BUNDLE_LOADER = "$(TEST_HOST)";
				FRAMEWORK_SEARCH_PATHS = (
					"$(SDKROOT)/Developer/Library/Frameworks",
					"$(inherited)",
				);
				INFOPLIST_FILE = TestDatePickerTests/Info.plist;
				LD_RUNPATH_SEARCH_PATHS = "$(inherited) @executable_path/Frameworks @loader_path/Frameworks";
				PRODUCT_NAME = "$(TARGET_NAME)";
				TEST_HOST = "$(BUILT_PRODUCTS_DIR)/TestDatePicker.app/TestDatePicker";
			};
			name = Release;
		};
/* End XCBuildConfiguration section */

/* Begin XCConfigurationList section */
		31DBCA551A65FDEE0060FA43 /* Build configuration list for PBXProject "TestDatePicker" */ = {
			isa = XCConfigurationList;
			buildConfigurations = (
				31DBCA7B1A65FDEE0060FA43 /* Debug */,
				31DBCA7C1A65FDEE0060FA43 /* Release */,
			);
			defaultConfigurationIsVisible = 0;
			defaultConfigurationName = Release;
		};
		31DBCA7D1A65FDEE0060FA43 /* Build configuration list for PBXNativeTarget "TestDatePicker" */ = {
			isa = XCConfigurationList;
			buildConfigurations = (
				31DBCA7E1A65FDEE0060FA43 /* Debug */,
				31DBCA7F1A65FDEE0060FA43 /* Release */,
			);
			defaultConfigurationIsVisible = 0;
			defaultConfigurationName = Release;
		};
		31DBCA801A65FDEE0060FA43 /* Build configuration list for PBXNativeTarget "TestDatePickerTests" */ = {
			isa = XCConfigurationList;
			buildConfigurations = (
				31DBCA811A65FDEE0060FA43 /* Debug */,
				31DBCA821A65FDEE0060FA43 /* Release */,
			);
			defaultConfigurationIsVisible = 0;
			defaultConfigurationName = Release;
		};
/* End XCConfigurationList section */
	};
	rootObject = 31DBCA521A65FDEE0060FA43 /* Project object */;
}
